// !$*UTF8*$!
{
	archiveVersion = 1;
	classes = {
	};
	objectVersion = 50;
	objects = {

/* Begin PBXBuildFile section */
		EFC2E87226E10B6500DAB8C7 /* PostSpyApp.swift in Sources */ = {isa = PBXBuildFile; fileRef = EFC2E87126E10B6500DAB8C7 /* PostSpyApp.swift */; };
		EFC2E87426E10B6500DAB8C7 /* ContentView.swift in Sources */ = {isa = PBXBuildFile; fileRef = EFC2E87326E10B6500DAB8C7 /* ContentView.swift */; };
		EFC2E87626E10B6700DAB8C7 /* Assets.xcassets in Resources */ = {isa = PBXBuildFile; fileRef = EFC2E87526E10B6700DAB8C7 /* Assets.xcassets */; };
		EFC2E87926E10B6700DAB8C7 /* Preview Assets.xcassets in Resources */ = {isa = PBXBuildFile; fileRef = EFC2E87826E10B6700DAB8C7 /* Preview Assets.xcassets */; };
		EFC2E88426E10B6800DAB8C7 /* PostSpyTests.swift in Sources */ = {isa = PBXBuildFile; fileRef = EFC2E88326E10B6800DAB8C7 /* PostSpyTests.swift */; };
		EFC2E88F26E10B6800DAB8C7 /* PostSpyUITests.swift in Sources */ = {isa = PBXBuildFile; fileRef = EFC2E88E26E10B6800DAB8C7 /* PostSpyUITests.swift */; };
		EFC2E89D26E1111000DAB8C7 /* NetworkService.swift in Sources */ = {isa = PBXBuildFile; fileRef = EFC2E89C26E1111000DAB8C7 /* NetworkService.swift */; };
		EFC2E89F26E11DC100DAB8C7 /* PSPost.swift in Sources */ = {isa = PBXBuildFile; fileRef = EFC2E89E26E11DC100DAB8C7 /* PSPost.swift */; };
		EFC2E8A126E11E7700DAB8C7 /* PSUser.swift in Sources */ = {isa = PBXBuildFile; fileRef = EFC2E8A026E11E7700DAB8C7 /* PSUser.swift */; };
		EFC2E8A326E125B000DAB8C7 /* PostView.swift in Sources */ = {isa = PBXBuildFile; fileRef = EFC2E8A226E125B000DAB8C7 /* PostView.swift */; };
		EFC2E8A526E12DAF00DAB8C7 /* PostDetailsView.swift in Sources */ = {isa = PBXBuildFile; fileRef = EFC2E8A426E12DAF00DAB8C7 /* PostDetailsView.swift */; };
		EFC2E8A726E13E4F00DAB8C7 /* PostsViewModel.swift in Sources */ = {isa = PBXBuildFile; fileRef = EFC2E8A626E13E4F00DAB8C7 /* PostsViewModel.swift */; };
		EFC2E8AE26E1A6DA00DAB8C7 /* posts.json in Resources */ = {isa = PBXBuildFile; fileRef = EFC2E8AD26E1A6DA00DAB8C7 /* posts.json */; };
		EFC2E8B026E1AE8900DAB8C7 /* PostDetailsViewModel.swift in Sources */ = {isa = PBXBuildFile; fileRef = EFC2E8AF26E1AE8900DAB8C7 /* PostDetailsViewModel.swift */; };
		EFC2E8B226E1B3A500DAB8C7 /* user3.json in Resources */ = {isa = PBXBuildFile; fileRef = EFC2E8B126E1B3A500DAB8C7 /* user3.json */; };
		EFC2E8B626E22CD200DAB8C7 /* Constants.swift in Sources */ = {isa = PBXBuildFile; fileRef = EFC2E8B526E22CD200DAB8C7 /* Constants.swift */; };
		EFC2E8B826E244C800DAB8C7 /* ViewModel.swift in Sources */ = {isa = PBXBuildFile; fileRef = EFC2E8B726E244C800DAB8C7 /* ViewModel.swift */; };
/* End PBXBuildFile section */

/* Begin PBXContainerItemProxy section */
		EFC2E88026E10B6800DAB8C7 /* PBXContainerItemProxy */ = {
			isa = PBXContainerItemProxy;
			containerPortal = EFC2E86626E10B6400DAB8C7 /* Project object */;
			proxyType = 1;
			remoteGlobalIDString = EFC2E86D26E10B6500DAB8C7;
			remoteInfo = PostSpy;
		};
		EFC2E88B26E10B6800DAB8C7 /* PBXContainerItemProxy */ = {
			isa = PBXContainerItemProxy;
			containerPortal = EFC2E86626E10B6400DAB8C7 /* Project object */;
			proxyType = 1;
			remoteGlobalIDString = EFC2E86D26E10B6500DAB8C7;
			remoteInfo = PostSpy;
		};
/* End PBXContainerItemProxy section */

/* Begin PBXFileReference section */
		EFC2E86E26E10B6500DAB8C7 /* PostSpy.app */ = {isa = PBXFileReference; explicitFileType = wrapper.application; includeInIndex = 0; path = PostSpy.app; sourceTree = BUILT_PRODUCTS_DIR; };
		EFC2E87126E10B6500DAB8C7 /* PostSpyApp.swift */ = {isa = PBXFileReference; lastKnownFileType = sourcecode.swift; path = PostSpyApp.swift; sourceTree = "<group>"; };
		EFC2E87326E10B6500DAB8C7 /* ContentView.swift */ = {isa = PBXFileReference; lastKnownFileType = sourcecode.swift; path = ContentView.swift; sourceTree = "<group>"; };
		EFC2E87526E10B6700DAB8C7 /* Assets.xcassets */ = {isa = PBXFileReference; lastKnownFileType = folder.assetcatalog; path = Assets.xcassets; sourceTree = "<group>"; };
		EFC2E87826E10B6700DAB8C7 /* Preview Assets.xcassets */ = {isa = PBXFileReference; lastKnownFileType = folder.assetcatalog; path = "Preview Assets.xcassets"; sourceTree = "<group>"; };
		EFC2E87A26E10B6700DAB8C7 /* Info.plist */ = {isa = PBXFileReference; lastKnownFileType = text.plist.xml; path = Info.plist; sourceTree = "<group>"; };
		EFC2E87F26E10B6800DAB8C7 /* PostSpyTests.xctest */ = {isa = PBXFileReference; explicitFileType = wrapper.cfbundle; includeInIndex = 0; path = PostSpyTests.xctest; sourceTree = BUILT_PRODUCTS_DIR; };
		EFC2E88326E10B6800DAB8C7 /* PostSpyTests.swift */ = {isa = PBXFileReference; lastKnownFileType = sourcecode.swift; path = PostSpyTests.swift; sourceTree = "<group>"; };
		EFC2E88526E10B6800DAB8C7 /* Info.plist */ = {isa = PBXFileReference; lastKnownFileType = text.plist.xml; path = Info.plist; sourceTree = "<group>"; };
		EFC2E88A26E10B6800DAB8C7 /* PostSpyUITests.xctest */ = {isa = PBXFileReference; explicitFileType = wrapper.cfbundle; includeInIndex = 0; path = PostSpyUITests.xctest; sourceTree = BUILT_PRODUCTS_DIR; };
		EFC2E88E26E10B6800DAB8C7 /* PostSpyUITests.swift */ = {isa = PBXFileReference; lastKnownFileType = sourcecode.swift; path = PostSpyUITests.swift; sourceTree = "<group>"; };
		EFC2E89026E10B6800DAB8C7 /* Info.plist */ = {isa = PBXFileReference; lastKnownFileType = text.plist.xml; path = Info.plist; sourceTree = "<group>"; };
		EFC2E89C26E1111000DAB8C7 /* NetworkService.swift */ = {isa = PBXFileReference; lastKnownFileType = sourcecode.swift; path = NetworkService.swift; sourceTree = "<group>"; };
		EFC2E89E26E11DC100DAB8C7 /* PSPost.swift */ = {isa = PBXFileReference; lastKnownFileType = sourcecode.swift; path = PSPost.swift; sourceTree = "<group>"; };
		EFC2E8A026E11E7700DAB8C7 /* PSUser.swift */ = {isa = PBXFileReference; lastKnownFileType = sourcecode.swift; path = PSUser.swift; sourceTree = "<group>"; };
		EFC2E8A226E125B000DAB8C7 /* PostView.swift */ = {isa = PBXFileReference; lastKnownFileType = sourcecode.swift; path = PostView.swift; sourceTree = "<group>"; };
		EFC2E8A426E12DAF00DAB8C7 /* PostDetailsView.swift */ = {isa = PBXFileReference; lastKnownFileType = sourcecode.swift; path = PostDetailsView.swift; sourceTree = "<group>"; };
		EFC2E8A626E13E4F00DAB8C7 /* PostsViewModel.swift */ = {isa = PBXFileReference; lastKnownFileType = sourcecode.swift; path = PostsViewModel.swift; sourceTree = "<group>"; };
		EFC2E8AD26E1A6DA00DAB8C7 /* posts.json */ = {isa = PBXFileReference; fileEncoding = 4; lastKnownFileType = text.json; path = posts.json; sourceTree = "<group>"; };
		EFC2E8AF26E1AE8900DAB8C7 /* PostDetailsViewModel.swift */ = {isa = PBXFileReference; lastKnownFileType = sourcecode.swift; path = PostDetailsViewModel.swift; sourceTree = "<group>"; };
		EFC2E8B126E1B3A500DAB8C7 /* user3.json */ = {isa = PBXFileReference; fileEncoding = 4; lastKnownFileType = text.json; path = user3.json; sourceTree = "<group>"; };
		EFC2E8B526E22CD200DAB8C7 /* Constants.swift */ = {isa = PBXFileReference; lastKnownFileType = sourcecode.swift; path = Constants.swift; sourceTree = "<group>"; };
		EFC2E8B726E244C800DAB8C7 /* ViewModel.swift */ = {isa = PBXFileReference; lastKnownFileType = sourcecode.swift; path = ViewModel.swift; sourceTree = "<group>"; };
/* End PBXFileReference section */

/* Begin PBXFrameworksBuildPhase section */
		EFC2E86B26E10B6500DAB8C7 /* Frameworks */ = {
			isa = PBXFrameworksBuildPhase;
			buildActionMask = 2147483647;
			files = (
			);
			runOnlyForDeploymentPostprocessing = 0;
		};
		EFC2E87C26E10B6800DAB8C7 /* Frameworks */ = {
			isa = PBXFrameworksBuildPhase;
			buildActionMask = 2147483647;
			files = (
			);
			runOnlyForDeploymentPostprocessing = 0;
		};
		EFC2E88726E10B6800DAB8C7 /* Frameworks */ = {
			isa = PBXFrameworksBuildPhase;
			buildActionMask = 2147483647;
			files = (
			);
			runOnlyForDeploymentPostprocessing = 0;
		};
/* End PBXFrameworksBuildPhase section */

/* Begin PBXGroup section */
		EFC2E86526E10B6400DAB8C7 = {
			isa = PBXGroup;
			children = (
				EFC2E87026E10B6500DAB8C7 /* PostSpy */,
				EFC2E88226E10B6800DAB8C7 /* PostSpyTests */,
				EFC2E88D26E10B6800DAB8C7 /* PostSpyUITests */,
				EFC2E86F26E10B6500DAB8C7 /* Products */,
			);
			sourceTree = "<group>";
		};
		EFC2E86F26E10B6500DAB8C7 /* Products */ = {
			isa = PBXGroup;
			children = (
				EFC2E86E26E10B6500DAB8C7 /* PostSpy.app */,
				EFC2E87F26E10B6800DAB8C7 /* PostSpyTests.xctest */,
				EFC2E88A26E10B6800DAB8C7 /* PostSpyUITests.xctest */,
			);
			name = Products;
			sourceTree = "<group>";
		};
		EFC2E87026E10B6500DAB8C7 /* PostSpy */ = {
			isa = PBXGroup;
			children = (
				EFC2E87126E10B6500DAB8C7 /* PostSpyApp.swift */,
				EFC2E8AC26E1A69500DAB8C7 /* Resources */,
				EFC2E8A826E1A33400DAB8C7 /* Views */,
				EFC2E8A926E1A34400DAB8C7 /* ViewModels */,
				EFC2E8AA26E1A35100DAB8C7 /* Model */,
				EFC2E8AB26E1A35A00DAB8C7 /* Services */,
				EFC2E87526E10B6700DAB8C7 /* Assets.xcassets */,
				EFC2E87A26E10B6700DAB8C7 /* Info.plist */,
				EFC2E87726E10B6700DAB8C7 /* Preview Content */,
			);
			path = PostSpy;
			sourceTree = "<group>";
		};
		EFC2E87726E10B6700DAB8C7 /* Preview Content */ = {
			isa = PBXGroup;
			children = (
				EFC2E87826E10B6700DAB8C7 /* Preview Assets.xcassets */,
			);
			path = "Preview Content";
			sourceTree = "<group>";
		};
		EFC2E88226E10B6800DAB8C7 /* PostSpyTests */ = {
			isa = PBXGroup;
			children = (
				EFC2E88326E10B6800DAB8C7 /* PostSpyTests.swift */,
				EFC2E88526E10B6800DAB8C7 /* Info.plist */,
			);
			path = PostSpyTests;
			sourceTree = "<group>";
		};
		EFC2E88D26E10B6800DAB8C7 /* PostSpyUITests */ = {
			isa = PBXGroup;
			children = (
				EFC2E88E26E10B6800DAB8C7 /* PostSpyUITests.swift */,
				EFC2E89026E10B6800DAB8C7 /* Info.plist */,
			);
			path = PostSpyUITests;
			sourceTree = "<group>";
		};
		EFC2E8A826E1A33400DAB8C7 /* Views */ = {
			isa = PBXGroup;
			children = (
				EFC2E87326E10B6500DAB8C7 /* ContentView.swift */,
				EFC2E8A226E125B000DAB8C7 /* PostView.swift */,
				EFC2E8A426E12DAF00DAB8C7 /* PostDetailsView.swift */,
			);
			path = Views;
			sourceTree = "<group>";
		};
		EFC2E8A926E1A34400DAB8C7 /* ViewModels */ = {
			isa = PBXGroup;
			children = (
				EFC2E8B726E244C800DAB8C7 /* ViewModel.swift */,
				EFC2E8A626E13E4F00DAB8C7 /* PostsViewModel.swift */,
				EFC2E8AF26E1AE8900DAB8C7 /* PostDetailsViewModel.swift */,
			);
			path = ViewModels;
			sourceTree = "<group>";
		};
		EFC2E8AA26E1A35100DAB8C7 /* Model */ = {
			isa = PBXGroup;
			children = (
				EFC2E89E26E11DC100DAB8C7 /* PSPost.swift */,
				EFC2E8A026E11E7700DAB8C7 /* PSUser.swift */,
			);
			path = Model;
			sourceTree = "<group>";
		};
		EFC2E8AB26E1A35A00DAB8C7 /* Services */ = {
			isa = PBXGroup;
			children = (
				EFC2E89C26E1111000DAB8C7 /* NetworkService.swift */,
				EFC2E8B526E22CD200DAB8C7 /* Constants.swift */,
			);
			path = Services;
			sourceTree = "<group>";
		};
		EFC2E8AC26E1A69500DAB8C7 /* Resources */ = {
			isa = PBXGroup;
			children = (
				EFC2E8B126E1B3A500DAB8C7 /* user3.json */,
				EFC2E8AD26E1A6DA00DAB8C7 /* posts.json */,
			);
			path = Resources;
			sourceTree = "<group>";
		};
/* End PBXGroup section */

/* Begin PBXNativeTarget section */
		EFC2E86D26E10B6500DAB8C7 /* PostSpy */ = {
			isa = PBXNativeTarget;
			buildConfigurationList = EFC2E89326E10B6800DAB8C7 /* Build configuration list for PBXNativeTarget "PostSpy" */;
			buildPhases = (
				EFC2E86A26E10B6500DAB8C7 /* Sources */,
				EFC2E86B26E10B6500DAB8C7 /* Frameworks */,
				EFC2E86C26E10B6500DAB8C7 /* Resources */,
			);
			buildRules = (
			);
			dependencies = (
			);
			name = PostSpy;
			productName = PostSpy;
			productReference = EFC2E86E26E10B6500DAB8C7 /* PostSpy.app */;
			productType = "com.apple.product-type.application";
		};
		EFC2E87E26E10B6800DAB8C7 /* PostSpyTests */ = {
			isa = PBXNativeTarget;
			buildConfigurationList = EFC2E89626E10B6800DAB8C7 /* Build configuration list for PBXNativeTarget "PostSpyTests" */;
			buildPhases = (
				EFC2E87B26E10B6800DAB8C7 /* Sources */,
				EFC2E87C26E10B6800DAB8C7 /* Frameworks */,
				EFC2E87D26E10B6800DAB8C7 /* Resources */,
			);
			buildRules = (
			);
			dependencies = (
				EFC2E88126E10B6800DAB8C7 /* PBXTargetDependency */,
			);
			name = PostSpyTests;
			productName = PostSpyTests;
			productReference = EFC2E87F26E10B6800DAB8C7 /* PostSpyTests.xctest */;
			productType = "com.apple.product-type.bundle.unit-test";
		};
		EFC2E88926E10B6800DAB8C7 /* PostSpyUITests */ = {
			isa = PBXNativeTarget;
			buildConfigurationList = EFC2E89926E10B6800DAB8C7 /* Build configuration list for PBXNativeTarget "PostSpyUITests" */;
			buildPhases = (
				EFC2E88626E10B6800DAB8C7 /* Sources */,
				EFC2E88726E10B6800DAB8C7 /* Frameworks */,
				EFC2E88826E10B6800DAB8C7 /* Resources */,
			);
			buildRules = (
			);
			dependencies = (
				EFC2E88C26E10B6800DAB8C7 /* PBXTargetDependency */,
			);
			name = PostSpyUITests;
			productName = PostSpyUITests;
			productReference = EFC2E88A26E10B6800DAB8C7 /* PostSpyUITests.xctest */;
			productType = "com.apple.product-type.bundle.ui-testing";
		};
/* End PBXNativeTarget section */

/* Begin PBXProject section */
		EFC2E86626E10B6400DAB8C7 /* Project object */ = {
			isa = PBXProject;
			attributes = {
				LastSwiftUpdateCheck = 1250;
				LastUpgradeCheck = 1250;
				TargetAttributes = {
					EFC2E86D26E10B6500DAB8C7 = {
						CreatedOnToolsVersion = 12.5;
					};
					EFC2E87E26E10B6800DAB8C7 = {
						CreatedOnToolsVersion = 12.5;
						TestTargetID = EFC2E86D26E10B6500DAB8C7;
					};
					EFC2E88926E10B6800DAB8C7 = {
						CreatedOnToolsVersion = 12.5;
						TestTargetID = EFC2E86D26E10B6500DAB8C7;
					};
				};
			};
			buildConfigurationList = EFC2E86926E10B6400DAB8C7 /* Build configuration list for PBXProject "PostSpy" */;
			compatibilityVersion = "Xcode 9.3";
			developmentRegion = en;
			hasScannedForEncodings = 0;
			knownRegions = (
				en,
				Base,
			);
			mainGroup = EFC2E86526E10B6400DAB8C7;
			productRefGroup = EFC2E86F26E10B6500DAB8C7 /* Products */;
			projectDirPath = "";
			projectRoot = "";
			targets = (
				EFC2E86D26E10B6500DAB8C7 /* PostSpy */,
				EFC2E87E26E10B6800DAB8C7 /* PostSpyTests */,
				EFC2E88926E10B6800DAB8C7 /* PostSpyUITests */,
			);
		};
/* End PBXProject section */

/* Begin PBXResourcesBuildPhase section */
		EFC2E86C26E10B6500DAB8C7 /* Resources */ = {
			isa = PBXResourcesBuildPhase;
			buildActionMask = 2147483647;
			files = (
				EFC2E8B226E1B3A500DAB8C7 /* user3.json in Resources */,
				EFC2E87926E10B6700DAB8C7 /* Preview Assets.xcassets in Resources */,
				EFC2E8AE26E1A6DA00DAB8C7 /* posts.json in Resources */,
				EFC2E87626E10B6700DAB8C7 /* Assets.xcassets in Resources */,
			);
			runOnlyForDeploymentPostprocessing = 0;
		};
		EFC2E87D26E10B6800DAB8C7 /* Resources */ = {
			isa = PBXResourcesBuildPhase;
			buildActionMask = 2147483647;
			files = (
			);
			runOnlyForDeploymentPostprocessing = 0;
		};
		EFC2E88826E10B6800DAB8C7 /* Resources */ = {
			isa = PBXResourcesBuildPhase;
			buildActionMask = 2147483647;
			files = (
			);
			runOnlyForDeploymentPostprocessing = 0;
		};
/* End PBXResourcesBuildPhase section */

/* Begin PBXSourcesBuildPhase section */
		EFC2E86A26E10B6500DAB8C7 /* Sources */ = {
			isa = PBXSourcesBuildPhase;
			buildActionMask = 2147483647;
			files = (
				EFC2E8A126E11E7700DAB8C7 /* PSUser.swift in Sources */,
				EFC2E8B626E22CD200DAB8C7 /* Constants.swift in Sources */,
				EFC2E8A726E13E4F00DAB8C7 /* PostsViewModel.swift in Sources */,
				EFC2E8B826E244C800DAB8C7 /* ViewModel.swift in Sources */,
				EFC2E8A326E125B000DAB8C7 /* PostView.swift in Sources */,
				EFC2E89F26E11DC100DAB8C7 /* PSPost.swift in Sources */,
				EFC2E8B026E1AE8900DAB8C7 /* PostDetailsViewModel.swift in Sources */,
				EFC2E87426E10B6500DAB8C7 /* ContentView.swift in Sources */,
				EFC2E87226E10B6500DAB8C7 /* PostSpyApp.swift in Sources */,
				EFC2E89D26E1111000DAB8C7 /* NetworkService.swift in Sources */,
				EFC2E8A526E12DAF00DAB8C7 /* PostDetailsView.swift in Sources */,
			);
			runOnlyForDeploymentPostprocessing = 0;
		};
		EFC2E87B26E10B6800DAB8C7 /* Sources */ = {
			isa = PBXSourcesBuildPhase;
			buildActionMask = 2147483647;
			files = (
				EFC2E88426E10B6800DAB8C7 /* PostSpyTests.swift in Sources */,
			);
			runOnlyForDeploymentPostprocessing = 0;
		};
		EFC2E88626E10B6800DAB8C7 /* Sources */ = {
			isa = PBXSourcesBuildPhase;
			buildActionMask = 2147483647;
			files = (
				EFC2E88F26E10B6800DAB8C7 /* PostSpyUITests.swift in Sources */,
			);
			runOnlyForDeploymentPostprocessing = 0;
		};
/* End PBXSourcesBuildPhase section */

/* Begin PBXTargetDependency section */
		EFC2E88126E10B6800DAB8C7 /* PBXTargetDependency */ = {
			isa = PBXTargetDependency;
			target = EFC2E86D26E10B6500DAB8C7 /* PostSpy */;
			targetProxy = EFC2E88026E10B6800DAB8C7 /* PBXContainerItemProxy */;
		};
		EFC2E88C26E10B6800DAB8C7 /* PBXTargetDependency */ = {
			isa = PBXTargetDependency;
			target = EFC2E86D26E10B6500DAB8C7 /* PostSpy */;
			targetProxy = EFC2E88B26E10B6800DAB8C7 /* PBXContainerItemProxy */;
		};
/* End PBXTargetDependency section */

/* Begin XCBuildConfiguration section */
		EFC2E89126E10B6800DAB8C7 /* Debug */ = {
			isa = XCBuildConfiguration;
			buildSettings = {
				ALWAYS_SEARCH_USER_PATHS = NO;
				CLANG_ANALYZER_NONNULL = YES;
				CLANG_ANALYZER_NUMBER_OBJECT_CONVERSION = YES_AGGRESSIVE;
				CLANG_CXX_LANGUAGE_STANDARD = "gnu++14";
				CLANG_CXX_LIBRARY = "libc++";
				CLANG_ENABLE_MODULES = YES;
				CLANG_ENABLE_OBJC_ARC = YES;
				CLANG_ENABLE_OBJC_WEAK = YES;
				CLANG_WARN_BLOCK_CAPTURE_AUTORELEASING = YES;
				CLANG_WARN_BOOL_CONVERSION = YES;
				CLANG_WARN_COMMA = YES;
				CLANG_WARN_CONSTANT_CONVERSION = YES;
				CLANG_WARN_DEPRECATED_OBJC_IMPLEMENTATIONS = YES;
				CLANG_WARN_DIRECT_OBJC_ISA_USAGE = YES_ERROR;
				CLANG_WARN_DOCUMENTATION_COMMENTS = YES;
				CLANG_WARN_EMPTY_BODY = YES;
				CLANG_WARN_ENUM_CONVERSION = YES;
				CLANG_WARN_INFINITE_RECURSION = YES;
				CLANG_WARN_INT_CONVERSION = YES;
				CLANG_WARN_NON_LITERAL_NULL_CONVERSION = YES;
				CLANG_WARN_OBJC_IMPLICIT_RETAIN_SELF = YES;
				CLANG_WARN_OBJC_LITERAL_CONVERSION = YES;
				CLANG_WARN_OBJC_ROOT_CLASS = YES_ERROR;
				CLANG_WARN_QUOTED_INCLUDE_IN_FRAMEWORK_HEADER = YES;
				CLANG_WARN_RANGE_LOOP_ANALYSIS = YES;
				CLANG_WARN_STRICT_PROTOTYPES = YES;
				CLANG_WARN_SUSPICIOUS_MOVE = YES;
				CLANG_WARN_UNGUARDED_AVAILABILITY = YES_AGGRESSIVE;
				CLANG_WARN_UNREACHABLE_CODE = YES;
				CLANG_WARN__DUPLICATE_METHOD_MATCH = YES;
				COPY_PHASE_STRIP = NO;
				DEBUG_INFORMATION_FORMAT = dwarf;
				ENABLE_STRICT_OBJC_MSGSEND = YES;
				ENABLE_TESTABILITY = YES;
				GCC_C_LANGUAGE_STANDARD = gnu11;
				GCC_DYNAMIC_NO_PIC = NO;
				GCC_NO_COMMON_BLOCKS = YES;
				GCC_OPTIMIZATION_LEVEL = 0;
				GCC_PREPROCESSOR_DEFINITIONS = (
					"DEBUG=1",
					"$(inherited)",
				);
				GCC_WARN_64_TO_32_BIT_CONVERSION = YES;
				GCC_WARN_ABOUT_RETURN_TYPE = YES_ERROR;
				GCC_WARN_UNDECLARED_SELECTOR = YES;
				GCC_WARN_UNINITIALIZED_AUTOS = YES_AGGRESSIVE;
				GCC_WARN_UNUSED_FUNCTION = YES;
				GCC_WARN_UNUSED_VARIABLE = YES;
				IPHONEOS_DEPLOYMENT_TARGET = 14.5;
				MTL_ENABLE_DEBUG_INFO = INCLUDE_SOURCE;
				MTL_FAST_MATH = YES;
				ONLY_ACTIVE_ARCH = YES;
				SDKROOT = iphoneos;
				SWIFT_ACTIVE_COMPILATION_CONDITIONS = DEBUG;
				SWIFT_OPTIMIZATION_LEVEL = "-Onone";
			};
			name = Debug;
		};
		EFC2E89226E10B6800DAB8C7 /* Release */ = {
			isa = XCBuildConfiguration;
			buildSettings = {
				ALWAYS_SEARCH_USER_PATHS = NO;
				CLANG_ANALYZER_NONNULL = YES;
				CLANG_ANALYZER_NUMBER_OBJECT_CONVERSION = YES_AGGRESSIVE;
				CLANG_CXX_LANGUAGE_STANDARD = "gnu++14";
				CLANG_CXX_LIBRARY = "libc++";
				CLANG_ENABLE_MODULES = YES;
				CLANG_ENABLE_OBJC_ARC = YES;
				CLANG_ENABLE_OBJC_WEAK = YES;
				CLANG_WARN_BLOCK_CAPTURE_AUTORELEASING = YES;
				CLANG_WARN_BOOL_CONVERSION = YES;
				CLANG_WARN_COMMA = YES;
				CLANG_WARN_CONSTANT_CONVERSION = YES;
				CLANG_WARN_DEPRECATED_OBJC_IMPLEMENTATIONS = YES;
				CLANG_WARN_DIRECT_OBJC_ISA_USAGE = YES_ERROR;
				CLANG_WARN_DOCUMENTATION_COMMENTS = YES;
				CLANG_WARN_EMPTY_BODY = YES;
				CLANG_WARN_ENUM_CONVERSION = YES;
				CLANG_WARN_INFINITE_RECURSION = YES;
				CLANG_WARN_INT_CONVERSION = YES;
				CLANG_WARN_NON_LITERAL_NULL_CONVERSION = YES;
				CLANG_WARN_OBJC_IMPLICIT_RETAIN_SELF = YES;
				CLANG_WARN_OBJC_LITERAL_CONVERSION = YES;
				CLANG_WARN_OBJC_ROOT_CLASS = YES_ERROR;
				CLANG_WARN_QUOTED_INCLUDE_IN_FRAMEWORK_HEADER = YES;
				CLANG_WARN_RANGE_LOOP_ANALYSIS = YES;
				CLANG_WARN_STRICT_PROTOTYPES = YES;
				CLANG_WARN_SUSPICIOUS_MOVE = YES;
				CLANG_WARN_UNGUARDED_AVAILABILITY = YES_AGGRESSIVE;
				CLANG_WARN_UNREACHABLE_CODE = YES;
				CLANG_WARN__DUPLICATE_METHOD_MATCH = YES;
				COPY_PHASE_STRIP = NO;
				DEBUG_INFORMATION_FORMAT = "dwarf-with-dsym";
				ENABLE_NS_ASSERTIONS = NO;
				ENABLE_STRICT_OBJC_MSGSEND = YES;
				GCC_C_LANGUAGE_STANDARD = gnu11;
				GCC_NO_COMMON_BLOCKS = YES;
				GCC_WARN_64_TO_32_BIT_CONVERSION = YES;
				GCC_WARN_ABOUT_RETURN_TYPE = YES_ERROR;
				GCC_WARN_UNDECLARED_SELECTOR = YES;
				GCC_WARN_UNINITIALIZED_AUTOS = YES_AGGRESSIVE;
				GCC_WARN_UNUSED_FUNCTION = YES;
				GCC_WARN_UNUSED_VARIABLE = YES;
				IPHONEOS_DEPLOYMENT_TARGET = 14.5;
				MTL_ENABLE_DEBUG_INFO = NO;
				MTL_FAST_MATH = YES;
				SDKROOT = iphoneos;
				SWIFT_COMPILATION_MODE = wholemodule;
				SWIFT_OPTIMIZATION_LEVEL = "-O";
				VALIDATE_PRODUCT = YES;
			};
			name = Release;
		};
		EFC2E89426E10B6800DAB8C7 /* Debug */ = {
			isa = XCBuildConfiguration;
			buildSettings = {
				ASSETCATALOG_COMPILER_APPICON_NAME = AppIcon;
				ASSETCATALOG_COMPILER_GLOBAL_ACCENT_COLOR_NAME = AccentColor;
				CODE_SIGN_STYLE = Automatic;
				DEVELOPMENT_ASSET_PATHS = "\"PostSpy/Preview Content\"";
				DEVELOPMENT_TEAM = 3Q6J4KJ6N3;
				ENABLE_PREVIEWS = YES;
				INFOPLIST_FILE = PostSpy/Info.plist;
				IPHONEOS_DEPLOYMENT_TARGET = 14.0;
				LD_RUNPATH_SEARCH_PATHS = (
					"$(inherited)",
					"@executable_path/Frameworks",
				);
				PRODUCT_BUNDLE_IDENTIFIER = com.kojekude.PostSpy;
				PRODUCT_NAME = "$(TARGET_NAME)";
				SWIFT_VERSION = 5.0;
				TARGETED_DEVICE_FAMILY = "1,2";
			};
			name = Debug;
		};
		EFC2E89526E10B6800DAB8C7 /* Release */ = {
			isa = XCBuildConfiguration;
			buildSettings = {
				ASSETCATALOG_COMPILER_APPICON_NAME = AppIcon;
				ASSETCATALOG_COMPILER_GLOBAL_ACCENT_COLOR_NAME = AccentColor;
				CODE_SIGN_STYLE = Automatic;
				DEVELOPMENT_ASSET_PATHS = "\"PostSpy/Preview Content\"";
				DEVELOPMENT_TEAM = 3Q6J4KJ6N3;
				ENABLE_PREVIEWS = YES;
				INFOPLIST_FILE = PostSpy/Info.plist;
				IPHONEOS_DEPLOYMENT_TARGET = 14.0;
				LD_RUNPATH_SEARCH_PATHS = (
					"$(inherited)",
					"@executable_path/Frameworks",
				);
				PRODUCT_BUNDLE_IDENTIFIER = com.kojekude.PostSpy;
				PRODUCT_NAME = "$(TARGET_NAME)";
				SWIFT_VERSION = 5.0;
				TARGETED_DEVICE_FAMILY = "1,2";
			};
			name = Release;
		};
		EFC2E89726E10B6800DAB8C7 /* Debug */ = {
			isa = XCBuildConfiguration;
			buildSettings = {
				ALWAYS_EMBED_SWIFT_STANDARD_LIBRARIES = YES;
				BUNDLE_LOADER = "$(TEST_HOST)";
				CODE_SIGN_STYLE = Automatic;
				DEVELOPMENT_TEAM = 3Q6J4KJ6N3;
				INFOPLIST_FILE = PostSpyTests/Info.plist;
				IPHONEOS_DEPLOYMENT_TARGET = 14.0;
				LD_RUNPATH_SEARCH_PATHS = (
					"$(inherited)",
					"@executable_path/Frameworks",
					"@loader_path/Frameworks",
				);
				PRODUCT_BUNDLE_IDENTIFIER = com.kojekude.PostSpyTests;
				PRODUCT_NAME = "$(TARGET_NAME)";
				SWIFT_VERSION = 5.0;
				TARGETED_DEVICE_FAMILY = "1,2";
				TEST_HOST = "$(BUILT_PRODUCTS_DIR)/PostSpy.app/PostSpy";
			};
			name = Debug;
		};
		EFC2E89826E10B6800DAB8C7 /* Release */ = {
			isa = XCBuildConfiguration;
			buildSettings = {
				ALWAYS_EMBED_SWIFT_STANDARD_LIBRARIES = YES;
				BUNDLE_LOADER = "$(TEST_HOST)";
				CODE_SIGN_STYLE = Automatic;
				DEVELOPMENT_TEAM = 3Q6J4KJ6N3;
				INFOPLIST_FILE = PostSpyTests/Info.plist;
				IPHONEOS_DEPLOYMENT_TARGET = 14.0;
				LD_RUNPATH_SEARCH_PATHS = (
					"$(inherited)",
					"@executable_path/Frameworks",
					"@loader_path/Frameworks",
				);
				PRODUCT_BUNDLE_IDENTIFIER = com.kojekude.PostSpyTests;
				PRODUCT_NAME = "$(TARGET_NAME)";
				SWIFT_VERSION = 5.0;
				TARGETED_DEVICE_FAMILY = "1,2";
				TEST_HOST = "$(BUILT_PRODUCTS_DIR)/PostSpy.app/PostSpy";
			};
			name = Release;
		};
		EFC2E89A26E10B6800DAB8C7 /* Debug */ = {
			isa = XCBuildConfiguration;
			buildSettings = {
				ALWAYS_EMBED_SWIFT_STANDARD_LIBRARIES = YES;
				CODE_SIGN_STYLE = Automatic;
				DEVELOPMENT_TEAM = 3Q6J4KJ6N3;
				INFOPLIST_FILE = PostSpyUITests/Info.plist;
				LD_RUNPATH_SEARCH_PATHS = (
					"$(inherited)",
					"@executable_path/Frameworks",
					"@loader_path/Frameworks",
				);
				PRODUCT_BUNDLE_IDENTIFIER = com.kojekude.PostSpyUITests;
				PRODUCT_NAME = "$(TARGET_NAME)";
				SWIFT_VERSION = 5.0;
				TARGETED_DEVICE_FAMILY = "1,2";
				TEST_TARGET_NAME = PostSpy;
			};
			name = Debug;
		};
		EFC2E89B26E10B6800DAB8C7 /* Release */ = {
			isa = XCBuildConfiguration;
			buildSettings = {
				ALWAYS_EMBED_SWIFT_STANDARD_LIBRARIES = YES;
				CODE_SIGN_STYLE = Automatic;
				DEVELOPMENT_TEAM = 3Q6J4KJ6N3;
				INFOPLIST_FILE = PostSpyUITests/Info.plist;
				LD_RUNPATH_SEARCH_PATHS = (
					"$(inherited)",
					"@executable_path/Frameworks",
					"@loader_path/Frameworks",
				);
				PRODUCT_BUNDLE_IDENTIFIER = com.kojekude.PostSpyUITests;
				PRODUCT_NAME = "$(TARGET_NAME)";
				SWIFT_VERSION = 5.0;
				TARGETED_DEVICE_FAMILY = "1,2";
				TEST_TARGET_NAME = PostSpy;
			};
			name = Release;
		};
/* End XCBuildConfiguration section */

/* Begin XCConfigurationList section */
		EFC2E86926E10B6400DAB8C7 /* Build configuration list for PBXProject "PostSpy" */ = {
			isa = XCConfigurationList;
			buildConfigurations = (
				EFC2E89126E10B6800DAB8C7 /* Debug */,
				EFC2E89226E10B6800DAB8C7 /* Release */,
			);
			defaultConfigurationIsVisible = 0;
			defaultConfigurationName = Release;
		};
		EFC2E89326E10B6800DAB8C7 /* Build configuration list for PBXNativeTarget "PostSpy" */ = {
			isa = XCConfigurationList;
			buildConfigurations = (
				EFC2E89426E10B6800DAB8C7 /* Debug */,
				EFC2E89526E10B6800DAB8C7 /* Release */,
			);
			defaultConfigurationIsVisible = 0;
			defaultConfigurationName = Release;
		};
		EFC2E89626E10B6800DAB8C7 /* Build configuration list for PBXNativeTarget "PostSpyTests" */ = {
			isa = XCConfigurationList;
			buildConfigurations = (
				EFC2E89726E10B6800DAB8C7 /* Debug */,
				EFC2E89826E10B6800DAB8C7 /* Release */,
			);
			defaultConfigurationIsVisible = 0;
			defaultConfigurationName = Release;
		};
		EFC2E89926E10B6800DAB8C7 /* Build configuration list for PBXNativeTarget "PostSpyUITests" */ = {
			isa = XCConfigurationList;
			buildConfigurations = (
				EFC2E89A26E10B6800DAB8C7 /* Debug */,
				EFC2E89B26E10B6800DAB8C7 /* Release */,
			);
			defaultConfigurationIsVisible = 0;
			defaultConfigurationName = Release;
		};
/* End XCConfigurationList section */
	};
	rootObject = EFC2E86626E10B6400DAB8C7 /* Project object */;
}
